
Microsoft Visual Studio Solution File, Format Version 12.00
# Visual Studio Version 17
VisualStudioVersion = 17.14.36221.1 d17.14
MinimumVisualStudioVersion = 10.0.40219.1
Project("{FAE04EC0-301F-11D3-BF4B-00C04F79EFBC}") = "SETextureEditor", "SETextureEditor.csproj", "{5150D582-3392-4C26-9BF6-730147D9A0A2}"
EndProject
Project("{FAE04EC0-301F-11D3-BF4B-00C04F79EFBC}") = "SpaceEngineersToolsShared", "..\SpaceEngineersToolsShared\SpaceEngineersToolsShared.csproj", "{26471104-E40C-2908-A4CF-1F960BB3194C}"
EndProject
Global
	GlobalSection(SolutionConfigurationPlatforms) = preSolution
		Debug|Any CPU = Debug|Any CPU
		Release|Any CPU = Release|Any CPU
	EndGlobalSection
	GlobalSection(ProjectConfigurationPlatforms) = postSolution
		{5150D582-3392-4C26-9BF6-730147D9A0A2}.Debug|Any CPU.ActiveCfg = Debug|Any CPU
		{5150D582-3392-4C26-9BF6-730147D9A0A2}.Debug|Any CPU.Build.0 = Debug|Any CPU
		{5150D582-3392-4C26-9BF6-730147D9A0A2}.Release|Any CPU.ActiveCfg = Release|Any CPU
		{5150D582-3392-4C26-9BF6-730147D9A0A2}.Release|Any CPU.Build.0 = Release|Any CPU
		{26471104-E40C-2908-A4CF-1F960BB3194C}.Debug|Any CPU.ActiveCfg = Debug|Any CPU
		{26471104-E40C-2908-A4CF-1F960BB3194C}.Debug|Any CPU.Build.0 = Debug|Any CPU
		{26471104-E40C-2908-A4CF-1F960BB3194C}.Release|Any CPU.ActiveCfg = Release|Any CPU
		{26471104-E40C-2908-A4CF-1F960BB3194C}.Release|Any CPU.Build.0 = Release|Any CPU
	EndGlobalSection
	GlobalSection(SolutionProperties) = preSolution
		HideSolutionNode = FALSE
	EndGlobalSection
	GlobalSection(ExtensibilityGlobals) = postSolution
		SolutionGuid = {596A61A2-5F97-49A6-9F9D-ECDF4FAFBB34}
	EndGlobalSection
EndGlobal
