
Microsoft Visual Studio Solution File, Format Version 12.00
# Visual Studio Version 17
VisualStudioVersion = 17.0.32014.148
MinimumVisualStudioVersion = 10.0.40219.1
Project("{FAE04EC0-301F-11D3-BF4B-00C04F79EFBC}") = "SpaceEngineersServerStopper", "SpaceEngineersServerStopper\SpaceEngineersServerStopper.csproj", "{77F3DC5B-4585-428B-B9FB-0A0DF1DE52F2}"
EndProject
Project("{FAE04EC0-301F-11D3-BF4B-00C04F79EFBC}") = "ServiceWatchdog", "ServiceWatchdog\ServiceWatchdog.csproj", "{FF1AE669-C57D-4369-8298-30156B51EA2F}"
EndProject
Global
	GlobalSection(SolutionConfigurationPlatforms) = preSolution
		Debug|Any CPU = Debug|Any CPU
		Release|Any CPU = Release|Any CPU
	EndGlobalSection
	GlobalSection(ProjectConfigurationPlatforms) = postSolution
		{77F3DC5B-4585-428B-B9FB-0A0DF1DE52F2}.Debug|Any CPU.ActiveCfg = Debug|Any CPU
		{77F3DC5B-4585-428B-B9FB-0A0DF1DE52F2}.Debug|Any CPU.Build.0 = Debug|Any CPU
		{77F3DC5B-4585-428B-B9FB-0A0DF1DE52F2}.Release|Any CPU.ActiveCfg = Release|Any CPU
		{77F3DC5B-4585-428B-B9FB-0A0DF1DE52F2}.Release|Any CPU.Build.0 = Release|Any CPU
		{FF1AE669-C57D-4369-8298-30156B51EA2F}.Debug|Any CPU.ActiveCfg = Debug|Any CPU
		{FF1AE669-C57D-4369-8298-30156B51EA2F}.Debug|Any CPU.Build.0 = Debug|Any CPU
		{FF1AE669-C57D-4369-8298-30156B51EA2F}.Release|Any CPU.ActiveCfg = Release|Any CPU
		{FF1AE669-C57D-4369-8298-30156B51EA2F}.Release|Any CPU.Build.0 = Release|Any CPU
	EndGlobalSection
	GlobalSection(SolutionProperties) = preSolution
		HideSolutionNode = FALSE
	EndGlobalSection
	GlobalSection(ExtensibilityGlobals) = postSolution
		SolutionGuid = {FFFC08E8-9127-4EB3-906A-49DA3F189542}
	EndGlobalSection
EndGlobal
