
Microsoft Visual Studio Solution File, Format Version 12.00
# Visual Studio Version 17
VisualStudioVersion = 17.2.32630.192
MinimumVisualStudioVersion = 10.0.40219.1
Project("{FAE04EC0-301F-11D3-BF4B-00C04F79EFBC}") = "SpaceEngineersOreRedistribution", "SpaceEngineersOreRedistribution.csproj", "{D61F35F8-1E6B-42D1-8074-CA1E77A19E76}"
EndProject
Project("{FAE04EC0-301F-11D3-BF4B-00C04F79EFBC}") = "SpaceEngineersToolsShared", "..\SpaceEngineersToolsShared\SpaceEngineersToolsShared.csproj", "{26471104-E40C-2908-A4CF-1F960BB3194C}"
EndProject
Global
	GlobalSection(SolutionConfigurationPlatforms) = preSolution
		Debug|Any CPU = Debug|Any CPU
		Release|Any CPU = Release|Any CPU
	EndGlobalSection
	GlobalSection(ProjectConfigurationPlatforms) = postSolution
		{D61F35F8-1E6B-42D1-8074-CA1E77A19E76}.Debug|Any CPU.ActiveCfg = Debug|Any CPU
		{D61F35F8-1E6B-42D1-8074-CA1E77A19E76}.Debug|Any CPU.Build.0 = Debug|Any CPU
		{D61F35F8-1E6B-42D1-8074-CA1E77A19E76}.Release|Any CPU.ActiveCfg = Release|Any CPU
		{D61F35F8-1E6B-42D1-8074-CA1E77A19E76}.Release|Any CPU.Build.0 = Release|Any CPU
		{26471104-E40C-2908-A4CF-1F960BB3194C}.Debug|Any CPU.ActiveCfg = Debug|Any CPU
		{26471104-E40C-2908-A4CF-1F960BB3194C}.Debug|Any CPU.Build.0 = Debug|Any CPU
		{26471104-E40C-2908-A4CF-1F960BB3194C}.Release|Any CPU.ActiveCfg = Release|Any CPU
		{26471104-E40C-2908-A4CF-1F960BB3194C}.Release|Any CPU.Build.0 = Release|Any CPU
	EndGlobalSection
	GlobalSection(SolutionProperties) = preSolution
		HideSolutionNode = FALSE
	EndGlobalSection
	GlobalSection(ExtensibilityGlobals) = postSolution
		SolutionGuid = {5FA5DF65-F0E9-4A2D-A3E7-AE525A124D6F}
	EndGlobalSection
EndGlobal
