
Microsoft Visual Studio Solution File, Format Version 12.00
# Visual Studio Version 17
VisualStudioVersion = 17.5.33530.505
MinimumVisualStudioVersion = 10.0.40219.1
Project("{FAE04EC0-301F-11D3-BF4B-00C04F79EFBC}") = "ComplexMaterialViewer", "ComplexMaterialViewer.csproj", "{26EA3FFD-194F-488D-A4A9-D72E7457D1ED}"
EndProject
Global
	GlobalSection(SolutionConfigurationPlatforms) = preSolution
		Debug|Any CPU = Debug|Any CPU
		Release|Any CPU = Release|Any CPU
	EndGlobalSection
	GlobalSection(ProjectConfigurationPlatforms) = postSolution
		{26EA3FFD-194F-488D-A4A9-D72E7457D1ED}.Debug|Any CPU.ActiveCfg = Debug|Any CPU
		{26EA3FFD-194F-488D-A4A9-D72E7457D1ED}.Debug|Any CPU.Build.0 = Debug|Any CPU
		{26EA3FFD-194F-488D-A4A9-D72E7457D1ED}.Release|Any CPU.ActiveCfg = Release|Any CPU
		{26EA3FFD-194F-488D-A4A9-D72E7457D1ED}.Release|Any CPU.Build.0 = Release|Any CPU
	EndGlobalSection
	GlobalSection(SolutionProperties) = preSolution
		HideSolutionNode = FALSE
	EndGlobalSection
	GlobalSection(ExtensibilityGlobals) = postSolution
		SolutionGuid = {88207A75-7EF9-49A7-ABAF-F42810B452D8}
	EndGlobalSection
EndGlobal
